{
  "name": "likwid-token",
  "lockfileVersion": 3,
  "requires": true,
  "packages": {
    "": {
      "dependencies": {
        "@layerzerolabs/toolbox-foundry": "^0.1.12"
      }
    },
    "node_modules/@layerzerolabs/toolbox-foundry": {
      "version": "0.1.12",
      "resolved": "https://registry.npmmirror.com/@layerzerolabs/toolbox-foundry/-/toolbox-foundry-0.1.12.tgz",
      "integrity": "sha512-sod5pk9yOSMTLR/qIdxJmH3i/X7CSK1g7F9S2u4Osv8k4YKKXe0IyChrYtQns/BKdv1ey5MiqnlS5afEO/OPlg=="
    }
  }
}
