{
  "name": "likwid-token",
  "lockfileVersion": 3,
  "requires": true,
  "packages": {
    "": {
      "dependencies": {
        "@layerzerolabs/toolbox-foundry": "^0.1.13"
      }
    },
    "node_modules/@layerzerolabs/toolbox-foundry": {
      "version": "0.1.13",
      "resolved": "https://registry.npmjs.org/@layerzerolabs/toolbox-foundry/-/toolbox-foundry-0.1.13.tgz",
      "integrity": "sha512-3rC+BVEPgcHLHPO4qn3KqYUG1vhDtr1m/gsaI1S635MK+19475U8HYATznAzHKwi09cf9uEv5C7fdtHXgIw8sQ=="
    }
  }
}
